
Microsoft Visual Studio Solution File, Format Version 12.00
# Visual Studio 15
VisualStudioVersion = 15.0.27130.2010
MinimumVisualStudioVersion = 10.0.40219.1
Project("{FAE04EC0-301F-11D3-BF4B-00C04F79EFBC}") = "BibliotekaASP", "BibliotekaASP\BibliotekaASP.csproj", "{3D034BFA-C0A6-4173-AB20-6845318C2638}"
EndProject
Global
	GlobalSection(SolutionConfigurationPlatforms) = preSolution
		Debug|Any CPU = Debug|Any CPU
		Release|Any CPU = Release|Any CPU
	EndGlobalSection
	GlobalSection(ProjectConfigurationPlatforms) = postSolution
		{3D034BFA-C0A6-4173-AB20-6845318C2638}.Debug|Any CPU.ActiveCfg = Debug|Any CPU
		{3D034BFA-C0A6-4173-AB20-6845318C2638}.Debug|Any CPU.Build.0 = Debug|Any CPU
		{3D034BFA-C0A6-4173-AB20-6845318C2638}.Release|Any CPU.ActiveCfg = Release|Any CPU
		{3D034BFA-C0A6-4173-AB20-6845318C2638}.Release|Any CPU.Build.0 = Release|Any CPU
	EndGlobalSection
	GlobalSection(SolutionProperties) = preSolution
		HideSolutionNode = FALSE
	EndGlobalSection
	GlobalSection(ExtensibilityGlobals) = postSolution
		SolutionGuid = {94F39074-6C45-485E-BF50-78F982BF0961}
	EndGlobalSection
EndGlobal
